
Microsoft Visual Studio Solution File, Format Version 12.00
# Visual Studio Version 17
VisualStudioVersion = 17.7.34031.279
MinimumVisualStudioVersion = 10.0.40219.1
Project("{FAE04EC0-301F-11D3-BF4B-00C04F79EFBC}") = "WebApplication1", "WebApplication1\WebApplication1.csproj", "{B3BD3A36-D082-4F97-A1F7-BF94F01CB659}"
EndProject
Global
	GlobalSection(SolutionConfigurationPlatforms) = preSolution
		Debug|Any CPU = Debug|Any CPU
		Release|Any CPU = Release|Any CPU
	EndGlobalSection
	GlobalSection(ProjectConfigurationPlatforms) = postSolution
		{B3BD3A36-D082-4F97-A1F7-BF94F01CB659}.Debug|Any CPU.ActiveCfg = Debug|Any CPU
		{B3BD3A36-D082-4F97-A1F7-BF94F01CB659}.Debug|Any CPU.Build.0 = Debug|Any CPU
		{B3BD3A36-D082-4F97-A1F7-BF94F01CB659}.Release|Any CPU.ActiveCfg = Release|Any CPU
		{B3BD3A36-D082-4F97-A1F7-BF94F01CB659}.Release|Any CPU.Build.0 = Release|Any CPU
	EndGlobalSection
	GlobalSection(SolutionProperties) = preSolution
		HideSolutionNode = FALSE
	EndGlobalSection
	GlobalSection(ExtensibilityGlobals) = postSolution
		SolutionGuid = {AF7F280C-06AF-4195-9894-6438D97540DB}
	EndGlobalSection
EndGlobal
